// !$*UTF8*$!
{
  archiveVersion = 1;
  classes = {
  };
  objectVersion = 56;
  objects = {

    /* Begin PBXBuildFile section */
    A32E518D7C064F9B /* CommonComponents.swift in Sources */ = {isa = PBXBuildFile; fileRef = 08167C5FB32A9ED4; };
    30961FE8DCB45A27 /* ContentView.swift in Sources */ = {isa = PBXBuildFile; fileRef = 38BAC0EF5712469D; };
    C439A652810BED7F /* CurrentWeatherView.swift in Sources */ = {isa = PBXBuildFile; fileRef = 93825E67C4BFA01D; };
    C016FE49D382AB57 /* ForecastView.swift in Sources */ = {isa = PBXBuildFile; fileRef = 75E432C8B61FAD90; };
    86914C05DA3E72BF /* Info.plist in Sources */ = {isa = PBXBuildFile; fileRef = 8FC0126B3E7D4A59; };
    E48BC7F63D52910A /* Models.swift in Sources */ = {isa = PBXBuildFile; fileRef = 10954DE2A3FCB867; };
    73FB180DE52C6A94 /* SearchView.swift in Sources */ = {isa = PBXBuildFile; fileRef = 5E2FDB7C16A80934; };
    7FA1395468C02BDE /* WeatherApp.swift in Sources */ = {isa = PBXBuildFile; fileRef = 3462AE7F1D058C9B; };
    637A2481CBED590F /* WeatherService.swift in Sources */ = {isa = PBXBuildFile; fileRef = A9CB32754106FED8; };
    3EF94D186CB50A27 /* WeatherViewModel.swift in Sources */ = {isa = PBXBuildFile; fileRef = E5F7A860C14DB923; };
    012D345C6F7B8A9E /* WeatherappforiPhoneTests.swift in Sources */ = {isa = PBXBuildFile; fileRef = 67B8E52CA3149F0D; };
    E07BF1593DC842A6 /* WeatherappforiPhoneUITests.swift in Sources */ = {isa = PBXBuildFile; fileRef = AE74281B60D539CF; };
    01BEF97A235846DC /* SwiftUI.framework in Frameworks */ = {isa = PBXBuildFile; fileRef = ECD01A3F58794B26; };
    /* End PBXBuildFile section */

    /* Begin PBXFileReference section */
    75826BD4130E9FAC /* WeatherappforiPhone.app */ = {isa = PBXFileReference; explicitFileType = wrapper.application; includeInIndex = 0; path = "WeatherappforiPhone.app"; sourceTree = BUILT_PRODUCTS_DIR; };
    08167C5FB32A9ED4 /* CommonComponents.swift */ = {isa = PBXFileReference; lastKnownFileType = sourcecode.swift; path = "CommonComponents.swift"; sourceTree = "<group>"; };
    38BAC0EF5712469D /* ContentView.swift */ = {isa = PBXFileReference; lastKnownFileType = sourcecode.swift; path = "ContentView.swift"; sourceTree = "<group>"; };
    93825E67C4BFA01D /* CurrentWeatherView.swift */ = {isa = PBXFileReference; lastKnownFileType = sourcecode.swift; path = "CurrentWeatherView.swift"; sourceTree = "<group>"; };
    75E432C8B61FAD90 /* ForecastView.swift */ = {isa = PBXFileReference; lastKnownFileType = sourcecode.swift; path = "ForecastView.swift"; sourceTree = "<group>"; };
    8FC0126B3E7D4A59 /* Info.plist */ = {isa = PBXFileReference; lastKnownFileType = text.plist.xml; path = "Info.plist"; sourceTree = "<group>"; };
    10954DE2A3FCB867 /* Models.swift */ = {isa = PBXFileReference; lastKnownFileType = sourcecode.swift; path = "Models.swift"; sourceTree = "<group>"; };
    5E2FDB7C16A80934 /* SearchView.swift */ = {isa = PBXFileReference; lastKnownFileType = sourcecode.swift; path = "SearchView.swift"; sourceTree = "<group>"; };
    3462AE7F1D058C9B /* WeatherApp.swift */ = {isa = PBXFileReference; lastKnownFileType = sourcecode.swift; path = "WeatherApp.swift"; sourceTree = "<group>"; };
    A9CB32754106FED8 /* WeatherService.swift */ = {isa = PBXFileReference; lastKnownFileType = sourcecode.swift; path = "WeatherService.swift"; sourceTree = "<group>"; };
    E5F7A860C14DB923 /* WeatherViewModel.swift */ = {isa = PBXFileReference; lastKnownFileType = sourcecode.swift; path = "WeatherViewModel.swift"; sourceTree = "<group>"; };
    67B8E52CA3149F0D /* WeatherappforiPhoneTests.swift */ = {isa = PBXFileReference; lastKnownFileType = sourcecode.swift; path = "WeatherappforiPhoneTests.swift"; sourceTree = "<group>"; };
    AE74281B60D539CF /* WeatherappforiPhoneUITests.swift */ = {isa = PBXFileReference; lastKnownFileType = sourcecode.swift; path = "WeatherappforiPhoneUITests.swift"; sourceTree = "<group>"; };
    5F84ED326179ABC0 /* WeatherappforiPhoneTests.xctest */ = {isa = PBXFileReference; explicitFileType = wrapper.cfbundle; includeInIndex = 0; path = "WeatherappforiPhoneTests.xctest"; sourceTree = BUILT_PRODUCTS_DIR; };
    21A87F950BC436DE /* WeatherappforiPhoneUITests.xctest */ = {isa = PBXFileReference; explicitFileType = wrapper.cfbundle; includeInIndex = 0; path = "WeatherappforiPhoneUITests.xctest"; sourceTree = BUILT_PRODUCTS_DIR; };
    ECD01A3F58794B26 /* SwiftUI.framework */ = {isa = PBXFileReference; lastKnownFileType = wrapper.framework; name = SwiftUI.framework; path = System/Library/Frameworks/SwiftUI.framework; sourceTree = SDKROOT; };
    /* End PBXFileReference section */

    /* Begin PBXFrameworksBuildPhase section */
    BA0368517EF9C2D4 /* Frameworks */ = {
      isa = PBXFrameworksBuildPhase;
      buildActionMask = 2147483647;
      files = (
        01BEF97A235846DC /* SwiftUI.framework in Frameworks */
      );
      runOnlyForDeploymentPostprocessing = 0;
    };
    E309B75FD261C48A /* Frameworks */ = {
      isa = PBXFrameworksBuildPhase;
      buildActionMask = 2147483647;
      files = (
      );
      runOnlyForDeploymentPostprocessing = 0;
    };
    0184D53279CA6BEF /* Frameworks */ = {
      isa = PBXFrameworksBuildPhase;
      buildActionMask = 2147483647;
      files = (
      );
      runOnlyForDeploymentPostprocessing = 0;
    };
    /* End PBXFrameworksBuildPhase section */

    /* Begin PBXGroup section */
    2F34D69718CB0E5A /* Main Group */ = {
      isa = PBXGroup;
      children = (
        3D6F578AB0EC1924 /* WeatherappforiPhone */,
        BD6213C9EFA78054 /* WeatherappforiPhoneTests */,
        FA0C87BD1523946E /* WeatherappforiPhoneUITests */,
        0F1AD5874B2C93E6 /* Products */
      );
      sourceTree = "<group>";
    };
    3D6F578AB0EC1924 /* WeatherappforiPhone */ = {
      isa = PBXGroup;
      children = (
        08167C5FB32A9ED4,
        38BAC0EF5712469D,
        93825E67C4BFA01D,
        75E432C8B61FAD90,
        8FC0126B3E7D4A59,
        10954DE2A3FCB867,
        5E2FDB7C16A80934,
        3462AE7F1D058C9B,
        A9CB32754106FED8,
        E5F7A860C14DB923
      );
      path = "WeatherappforiPhone";
      sourceTree = "<group>";
    };
    
    BD6213C9EFA78054 /* WeatherappforiPhoneTests */ = {
      isa = PBXGroup;
      children = (
        67B8E52CA3149F0D /* WeatherappforiPhoneTests.swift */
      );
      path = "WeatherappforiPhoneTests";
      sourceTree = "<group>";
    };
    FA0C87BD1523946E /* WeatherappforiPhoneUITests */ = {
      isa = PBXGroup;
      children = (
        AE74281B60D539CF /* WeatherappforiPhoneUITests.swift */
      );
      path = "WeatherappforiPhoneUITests";
      sourceTree = "<group>";
    };
    0F1AD5874B2C93E6 /* Products */ = {
      isa = PBXGroup;
      children = (
        75826BD4130E9FAC /* WeatherappforiPhone.app */,
        5F84ED326179ABC0 /* WeatherappforiPhoneTests.xctest */,
        21A87F950BC436DE /* WeatherappforiPhoneUITests.xctest */
      );
      name = Products;
      sourceTree = "<group>";
    };
    /* End PBXGroup section */

    /* Begin PBXNativeTarget section */
    0635DE97F124C8AB /* WeatherappforiPhone */ = {
      isa = PBXNativeTarget;
      buildConfigurationList = 6CD2B7A589410F3E /* Build configuration list for PBXNativeTarget "WeatherappforiPhone" */;
      buildPhases = (
        701BC6F4AE2358D9 /* Sources */,
        BA0368517EF9C2D4 /* Frameworks */
      );
      buildRules = (
      );
      dependencies = (
      );
      name = "WeatherappforiPhone";
      productName = "WeatherappforiPhone";
      productReference = 75826BD4130E9FAC /* WeatherappforiPhone.app */;
      productType = "com.apple.product-type.application";
    };
    5AF3E9126C4BD078 /* WeatherappforiPhoneTests */ = {
      isa = PBXNativeTarget;
      buildConfigurationList = 5EC0968AF1D7B234 /* Build configuration list for PBXNativeTarget "WeatherappforiPhoneTests" */;
      buildPhases = (
        2C13958760FA4DEB /* Sources */,
        E309B75FD261C48A /* Frameworks */
      );
      buildRules = (
      );
      dependencies = (
        BF60C1D57E23498A /* PBXTargetDependency */
      );
      name = "WeatherappforiPhoneTests";
      productName = "WeatherappforiPhoneTests";
      productReference = 5F84ED326179ABC0 /* WeatherappforiPhoneTests.xctest */;
      productType = "com.apple.product-type.bundle.unit-test";
    };
    0E52AB178F6D4C93 /* WeatherappforiPhoneUITests */ = {
      isa = PBXNativeTarget;
      buildConfigurationList = CB0D7641E952A38F /* Build configuration list for PBXNativeTarget "WeatherappforiPhoneUITests" */;
      buildPhases = (
        7F0A25D4E89B1C36 /* Sources */,
        0184D53279CA6BEF /* Frameworks */
      );
      buildRules = (
      );
      dependencies = (
        34801CBA2FDE5679 /* PBXTargetDependency */
      );
      name = "WeatherappforiPhoneUITests";
      productName = "WeatherappforiPhoneUITests";
      productReference = 21A87F950BC436DE /* WeatherappforiPhoneUITests.xctest */;
      productType = "com.apple.product-type.bundle.ui-testing";
    };
    /* End PBXNativeTarget section */

    /* Begin PBXProject section */
    90A15E832F4D6B7C /* Project object */ = {
      isa = PBXProject;
      attributes = {
        LastSwiftUpdateCheck = 1500;
        LastUpgradeCheck = 1500;
        TargetAttributes = {
          0635DE97F124C8AB = {
            CreatedOnToolsVersion = 15.0;
          };
          5AF3E9126C4BD078 = {
            CreatedOnToolsVersion = 15.0;
            TestTargetID = 0635DE97F124C8AB;
          };
          0E52AB178F6D4C93 = {
            CreatedOnToolsVersion = 15.0;
            TestTargetID = 0635DE97F124C8AB;
          };
        };
      };
      buildConfigurationList = 83F0E571CA2496DB /* Build configuration list for PBXProject "WeatherappforiPhone" */;
      compatibilityVersion = "Xcode 14.0";
      developmentRegion = en;
      hasScannedForEncodings = 0;
      knownRegions = (
        en,
        Base
      );
      mainGroup = 2F34D69718CB0E5A;
      productRefGroup = 0F1AD5874B2C93E6 /* Products */;
      projectDirPath = "";
      projectRoot = "";
      targets = (
        0635DE97F124C8AB /* WeatherappforiPhone */,
        5AF3E9126C4BD078 /* WeatherappforiPhoneTests */,
        0E52AB178F6D4C93 /* WeatherappforiPhoneUITests */
      );
    };
    /* End PBXProject section */

    /* Begin PBXSourcesBuildPhase section */
    701BC6F4AE2358D9 /* Sources */ = {
      isa = PBXSourcesBuildPhase;
      buildActionMask = 2147483647;
      files = (
        A32E518D7C064F9B,
        30961FE8DCB45A27,
        C439A652810BED7F,
        C016FE49D382AB57,
        86914C05DA3E72BF,
        E48BC7F63D52910A,
        73FB180DE52C6A94,
        7FA1395468C02BDE,
        637A2481CBED590F,
        3EF94D186CB50A27
      );
      runOnlyForDeploymentPostprocessing = 0;
    };
    2C13958760FA4DEB /* Sources */ = {
      isa = PBXSourcesBuildPhase;
      buildActionMask = 2147483647;
      files = (
        012D345C6F7B8A9E /* WeatherappforiPhoneTests.swift in Sources */
      );
      runOnlyForDeploymentPostprocessing = 0;
    };
    7F0A25D4E89B1C36 /* Sources */ = {
      isa = PBXSourcesBuildPhase;
      buildActionMask = 2147483647;
      files = (
        E07BF1593DC842A6 /* WeatherappforiPhoneUITests.swift in Sources */
      );
      runOnlyForDeploymentPostprocessing = 0;
    };
    /* End PBXSourcesBuildPhase section */

    /* Begin PBXContainerItemProxy section */
    321CAE8BF9D04657 /* PBXContainerItemProxy */ = {
      isa = PBXContainerItemProxy;
      containerPortal = 90A15E832F4D6B7C /* Project object */;
      proxyType = 1;
      remoteGlobalIDString = 0635DE97F124C8AB;
      remoteInfo = "WeatherappforiPhone";
    };
    C0E1386AF9D542B7 /* PBXContainerItemProxy */ = {
      isa = PBXContainerItemProxy;
      containerPortal = 90A15E832F4D6B7C /* Project object */;
      proxyType = 1;
      remoteGlobalIDString = 0635DE97F124C8AB;
      remoteInfo = "WeatherappforiPhone";
    };
    /* End PBXContainerItemProxy section */

    /* Begin PBXTargetDependency section */
    BF60C1D57E23498A /* PBXTargetDependency */ = {
      isa = PBXTargetDependency;
      target = 0635DE97F124C8AB /* WeatherappforiPhone */;
      targetProxy = 321CAE8BF9D04657 /* PBXContainerItemProxy */;
    };
    34801CBA2FDE5679 /* PBXTargetDependency */ = {
      isa = PBXTargetDependency;
      target = 0635DE97F124C8AB /* WeatherappforiPhone */;
      targetProxy = C0E1386AF9D542B7 /* PBXContainerItemProxy */;
    };
    /* End PBXTargetDependency section */

    /* Begin XCBuildConfiguration section */
    14B0D3AC572EF896 /* Debug */ = {
      isa = XCBuildConfiguration;
      buildSettings = {
        ALWAYS_SEARCH_USER_PATHS = NO;
        ASSETCATALOG_COMPILER_APPICON_NAME = AppIcon;
        ASSETCATALOG_COMPILER_GLOBAL_ACCENT_COLOR_NAME = AccentColor;
        CLANG_ANALYZER_NONNULL = YES;
        CLANG_ANALYZER_NUMBER_OBJECT_CONVERSION = YES_AGGRESSIVE;
        CLANG_CXX_LANGUAGE_STANDARD = "gnu++20";
        CLANG_ENABLE_MODULES = YES;
        CLANG_ENABLE_OBJC_ARC = YES;
        CLANG_ENABLE_OBJC_WEAK = YES;
        CODE_SIGN_STYLE = Automatic;
        CURRENT_PROJECT_VERSION = 1;
        DEVELOPMENT_ASSET_PATHS = "";
        DEVELOPMENT_TEAM = "";
        ENABLE_PREVIEWS = YES;
        ENABLE_STRICT_OBJC_MSGSEND = YES;
        ENABLE_TESTABILITY = YES;
        FRAMEWORK_SEARCH_PATHS = (
          "$(inherited)",
          "$(SDKROOT)/System/Library/Frameworks"
        );
        GCC_C_LANGUAGE_STANDARD = gnu11;
        GCC_DYNAMIC_NO_PIC = NO;
        GCC_NO_COMMON_BLOCKS = YES;
        GCC_OPTIMIZATION_LEVEL = 0;
        GCC_PREPROCESSOR_DEFINITIONS = (
          "DEBUG=1",
          "$(inherited)",
        );
        GENERATE_INFOPLIST_FILE = YES;
        INFOPLIST_KEY_UIApplicationSceneManifest_Generation = YES;
        INFOPLIST_KEY_UILaunchScreen_Generation = YES;
        IPHONEOS_DEPLOYMENT_TARGET = 15.0;
        LD_RUNPATH_SEARCH_PATHS = (
          "$(inherited)",
          "@executable_path/Frameworks",
        );
        MARKETING_VERSION = 1.0;
        MTL_ENABLE_DEBUG_INFO = INCLUDE_SOURCE;
        MTL_FAST_MATH = YES;
        ONLY_ACTIVE_ARCH = YES;
        PRODUCT_BUNDLE_IDENTIFIER = "com.example.weatherappforiphone";
        PRODUCT_NAME = "$(TARGET_NAME)";
        SDKROOT = iphoneos;
        SUPPORTED_PLATFORMS = "iphoneos iphonesimulator";
        SUPPORTS_MACCATALYST = NO;
        SUPPORTS_MAC_DESIGNED_FOR_IPHONE_IPAD = NO;
        SWIFT_ACTIVE_COMPILATION_CONDITIONS = DEBUG;
        SWIFT_EMIT_LOC_STRINGS = YES;
        SWIFT_OPTIMIZATION_LEVEL = "-Onone";
        SWIFT_VERSION = 5.0;
        TARGETED_DEVICE_FAMILY = "1,2";
      };
      name = Debug;
    };
    12639C504B7AE8DF /* Release */ = {
      isa = XCBuildConfiguration;
      buildSettings = {
        ALWAYS_SEARCH_USER_PATHS = NO;
        ASSETCATALOG_COMPILER_APPICON_NAME = AppIcon;
        ASSETCATALOG_COMPILER_GLOBAL_ACCENT_COLOR_NAME = AccentColor;
        CLANG_ANALYZER_NONNULL = YES;
        CLANG_ANALYZER_NUMBER_OBJECT_CONVERSION = YES_AGGRESSIVE;
        CLANG_CXX_LANGUAGE_STANDARD = "gnu++20";
        CLANG_ENABLE_MODULES = YES;
        CLANG_ENABLE_OBJC_ARC = YES;
        CLANG_ENABLE_OBJC_WEAK = YES;
        CODE_SIGN_STYLE = Automatic;
        COPY_PHASE_STRIP = NO;
        CURRENT_PROJECT_VERSION = 1;
        DEVELOPMENT_ASSET_PATHS = "";
        DEVELOPMENT_TEAM = "";
        ENABLE_NS_ASSERTIONS = NO;
        ENABLE_PREVIEWS = YES;
        ENABLE_STRICT_OBJC_MSGSEND = YES;
        FRAMEWORK_SEARCH_PATHS = (
          "$(inherited)",
          "$(SDKROOT)/System/Library/Frameworks"
        );
        GCC_C_LANGUAGE_STANDARD = gnu11;
        GCC_NO_COMMON_BLOCKS = YES;
        GENERATE_INFOPLIST_FILE = YES;
        INFOPLIST_KEY_UIApplicationSceneManifest_Generation = YES;
        INFOPLIST_KEY_UILaunchScreen_Generation = YES;
        IPHONEOS_DEPLOYMENT_TARGET = 15.0;
        LD_RUNPATH_SEARCH_PATHS = (
          "$(inherited)",
          "@executable_path/Frameworks",
        );
        MARKETING_VERSION = 1.0;
        MTL_ENABLE_DEBUG_INFO = NO;
        MTL_FAST_MATH = YES;
        PRODUCT_BUNDLE_IDENTIFIER = "com.example.weatherappforiphone";
        PRODUCT_NAME = "$(TARGET_NAME)";
        SDKROOT = iphoneos;
        SUPPORTED_PLATFORMS = "iphoneos iphonesimulator";
        SUPPORTS_MACCATALYST = NO;
        SUPPORTS_MAC_DESIGNED_FOR_IPHONE_IPAD = NO;
        SWIFT_COMPILATION_MODE = wholemodule;
        SWIFT_EMIT_LOC_STRINGS = YES;
        SWIFT_OPTIMIZATION_LEVEL = "-O";
        SWIFT_VERSION = 5.0;
        TARGETED_DEVICE_FAMILY = "1,2";
        VALIDATE_PRODUCT = YES;
      };
      name = Release;
    };
    263D1BC498AEF705 /* Debug */ = {
      isa = XCBuildConfiguration;
      buildSettings = {
        BUNDLE_LOADER = "$(TEST_HOST)";
        CODE_SIGN_STYLE = Automatic;
        CURRENT_PROJECT_VERSION = 1;
        GENERATE_INFOPLIST_FILE = YES;
        IPHONEOS_DEPLOYMENT_TARGET = 15.0;
        MARKETING_VERSION = 1.0;
        PRODUCT_BUNDLE_IDENTIFIER = "com.example.weatherappforiphone.Tests";
        PRODUCT_NAME = "$(TARGET_NAME)";
        SDKROOT = iphoneos;
        SUPPORTED_PLATFORMS = "iphoneos iphonesimulator";
        SUPPORTS_MACCATALYST = NO;
        SUPPORTS_MAC_DESIGNED_FOR_IPHONE_IPAD = NO;
        SWIFT_EMIT_LOC_STRINGS = NO;
        SWIFT_VERSION = 5.0;
        TARGETED_DEVICE_FAMILY = "1,2";
        TEST_HOST = "$(BUILT_PRODUCTS_DIR)/WeatherappforiPhone.app/$(BUNDLE_EXECUTABLE_FOLDER_PATH)/WeatherappforiPhone";
      };
      name = Debug;
    };
    A503EF8C614DB297 /* Release */ = {
      isa = XCBuildConfiguration;
      buildSettings = {
        BUNDLE_LOADER = "$(TEST_HOST)";
        CODE_SIGN_STYLE = Automatic;
        CURRENT_PROJECT_VERSION = 1;
        GENERATE_INFOPLIST_FILE = YES;
        IPHONEOS_DEPLOYMENT_TARGET = 15.0;
        MARKETING_VERSION = 1.0;
        PRODUCT_BUNDLE_IDENTIFIER = "com.example.weatherappforiphone.Tests";
        PRODUCT_NAME = "$(TARGET_NAME)";
        SDKROOT = iphoneos;
        SUPPORTED_PLATFORMS = "iphoneos iphonesimulator";
        SUPPORTS_MACCATALYST = NO;
        SUPPORTS_MAC_DESIGNED_FOR_IPHONE_IPAD = NO;
        SWIFT_EMIT_LOC_STRINGS = NO;
        SWIFT_VERSION = 5.0;
        TARGETED_DEVICE_FAMILY = "1,2";
        TEST_HOST = "$(BUILT_PRODUCTS_DIR)/WeatherappforiPhone.app/$(BUNDLE_EXECUTABLE_FOLDER_PATH)/WeatherappforiPhone";
        VALIDATE_PRODUCT = YES;
      };
      name = Release;
    };
    1582B304C7FDA6E9 /* Debug */ = {
      isa = XCBuildConfiguration;
      buildSettings = {
        CODE_SIGN_STYLE = Automatic;
        CURRENT_PROJECT_VERSION = 1;
        GENERATE_INFOPLIST_FILE = YES;
        MARKETING_VERSION = 1.0;
        PRODUCT_BUNDLE_IDENTIFIER = "com.example.weatherappforiphone.UITests";
        PRODUCT_NAME = "$(TARGET_NAME)";
        SDKROOT = iphoneos;
        SUPPORTED_PLATFORMS = "iphoneos iphonesimulator";
        SUPPORTS_MACCATALYST = NO;
        SUPPORTS_MAC_DESIGNED_FOR_IPHONE_IPAD = NO;
        SWIFT_EMIT_LOC_STRINGS = NO;
        SWIFT_VERSION = 5.0;
        TARGETED_DEVICE_FAMILY = "1,2";
        TEST_TARGET_NAME = WeatherappforiPhone;
      };
      name = Debug;
    };
    23F910DEA65874CB /* Release */ = {
      isa = XCBuildConfiguration;
      buildSettings = {
        CODE_SIGN_STYLE = Automatic;
        CURRENT_PROJECT_VERSION = 1;
        GENERATE_INFOPLIST_FILE = YES;
        MARKETING_VERSION = 1.0;
        PRODUCT_BUNDLE_IDENTIFIER = "com.example.weatherappforiphone.UITests";
        PRODUCT_NAME = "$(TARGET_NAME)";
        SDKROOT = iphoneos;
        SUPPORTED_PLATFORMS = "iphoneos iphonesimulator";
        SUPPORTS_MACCATALYST = NO;
        SUPPORTS_MAC_DESIGNED_FOR_IPHONE_IPAD = NO;
        SWIFT_EMIT_LOC_STRINGS = NO;
        SWIFT_VERSION = 5.0;
        TARGETED_DEVICE_FAMILY = "1,2";
        TEST_TARGET_NAME = WeatherappforiPhone;
        VALIDATE_PRODUCT = YES;
      };
      name = Release;
    };
    /* End XCBuildConfiguration section */

    /* Begin XCConfigurationList section */
    83F0E571CA2496DB /* Build configuration list for PBXProject "WeatherappforiPhone" */ = {
      isa = XCConfigurationList;
      buildConfigurations = (
        14B0D3AC572EF896 /* Debug */,
        12639C504B7AE8DF /* Release */
      );
      defaultConfigurationIsVisible = 0;
      defaultConfigurationName = Release;
    };
    6CD2B7A589410F3E /* Build configuration list for PBXNativeTarget "WeatherappforiPhone" */ = {
      isa = XCConfigurationList;
      buildConfigurations = (
        14B0D3AC572EF896 /* Debug */,
        12639C504B7AE8DF /* Release */
      );
      defaultConfigurationIsVisible = 0;
      defaultConfigurationName = Release;
    };
    5EC0968AF1D7B234 /* Build configuration list for PBXNativeTarget "WeatherappforiPhoneTests" */ = {
      isa = XCConfigurationList;
      buildConfigurations = (
        263D1BC498AEF705 /* Debug */,
        A503EF8C614DB297 /* Release */
      );
      defaultConfigurationIsVisible = 0;
      defaultConfigurationName = Release;
    };
    CB0D7641E952A38F /* Build configuration list for PBXNativeTarget "WeatherappforiPhoneUITests" */ = {
      isa = XCConfigurationList;
      buildConfigurations = (
        1582B304C7FDA6E9 /* Debug */,
        23F910DEA65874CB /* Release */
      );
      defaultConfigurationIsVisible = 0;
      defaultConfigurationName = Release;
    };
    /* End XCConfigurationList section */

  };
  rootObject = 90A15E832F4D6B7C /* Project object */;
}
