// !$*UTF8*$!
{
  archiveVersion = 1;
  classes = {
  };
  objectVersion = 56;
  objects = {

    /* Begin PBXBuildFile section */
    B73A09581F24E6CD /* CommonComponents.swift in Sources */ = {isa = PBXBuildFile; fileRef = C07B132A645FD8E9; };
    A5308E4C971DF6B2 /* ContentView.swift in Sources */ = {isa = PBXBuildFile; fileRef = A9B083FD6C15472E; };
    60C5D91EAF2B8734 /* CurrentWeatherView.swift in Sources */ = {isa = PBXBuildFile; fileRef = AE357B6148C0F9D2; };
    DF2A09B4C835761E /* ForecastView.swift in Sources */ = {isa = PBXBuildFile; fileRef = C4D2795B13AF806E; };
    273E1CFA0648D9B5 /* Info.plist in Sources */ = {isa = PBXBuildFile; fileRef = 501C872F3EB469DA; };
    47365BFA28C190DE /* Models.swift in Sources */ = {isa = PBXBuildFile; fileRef = 8B2715FD4EA3906C; };
    03D4FB9675AC81E2 /* SearchView.swift in Sources */ = {isa = PBXBuildFile; fileRef = 0123456D7BFAE98C; };
    0E178F546C2A9BD3 /* WeatherApp.swift in Sources */ = {isa = PBXBuildFile; fileRef = 09A12DC4E8637BF5; };
    01A53E7F68294DBC /* WeatherService.swift in Sources */ = {isa = PBXBuildFile; fileRef = 8A2B91C4EF70536D; };
    6E1587B0423A9DCF /* WeatherViewModel.swift in Sources */ = {isa = PBXBuildFile; fileRef = 42DEB950C7F8136A; };
    019E237FC684AB5D /* WeatherappforiPhoneTests.swift in Sources */ = {isa = PBXBuildFile; fileRef = 0653F4AD1987BEC2; };
    0BDE7C318A9F2456 /* WeatherappforiPhoneUITests.swift in Sources */ = {isa = PBXBuildFile; fileRef = E0634912ACDB8F75; };
    D78B012A4C395F6E /* SwiftUI.framework in Frameworks */ = {isa = PBXBuildFile; fileRef = 54FBA71E32D8C096; };
    /* End PBXBuildFile section */

    /* Begin PBXFileReference section */
    0138EC4DFBA26957 /* WeatherappforiPhone.app */ = {isa = PBXFileReference; explicitFileType = wrapper.application; includeInIndex = 0; path = "WeatherappforiPhone.app"; sourceTree = BUILT_PRODUCTS_DIR; };
    C07B132A645FD8E9 /* CommonComponents.swift */ = {isa = PBXFileReference; lastKnownFileType = sourcecode.swift; path = "CommonComponents.swift"; sourceTree = "<group>"; };
    A9B083FD6C15472E /* ContentView.swift */ = {isa = PBXFileReference; lastKnownFileType = sourcecode.swift; path = "ContentView.swift"; sourceTree = "<group>"; };
    AE357B6148C0F9D2 /* CurrentWeatherView.swift */ = {isa = PBXFileReference; lastKnownFileType = sourcecode.swift; path = "CurrentWeatherView.swift"; sourceTree = "<group>"; };
    C4D2795B13AF806E /* ForecastView.swift */ = {isa = PBXFileReference; lastKnownFileType = sourcecode.swift; path = "ForecastView.swift"; sourceTree = "<group>"; };
    501C872F3EB469DA /* Info.plist */ = {isa = PBXFileReference; lastKnownFileType = text.plist.xml; path = "Info.plist"; sourceTree = "<group>"; };
    8B2715FD4EA3906C /* Models.swift */ = {isa = PBXFileReference; lastKnownFileType = sourcecode.swift; path = "Models.swift"; sourceTree = "<group>"; };
    0123456D7BFAE98C /* SearchView.swift */ = {isa = PBXFileReference; lastKnownFileType = sourcecode.swift; path = "SearchView.swift"; sourceTree = "<group>"; };
    09A12DC4E8637BF5 /* WeatherApp.swift */ = {isa = PBXFileReference; lastKnownFileType = sourcecode.swift; path = "WeatherApp.swift"; sourceTree = "<group>"; };
    8A2B91C4EF70536D /* WeatherService.swift */ = {isa = PBXFileReference; lastKnownFileType = sourcecode.swift; path = "WeatherService.swift"; sourceTree = "<group>"; };
    42DEB950C7F8136A /* WeatherViewModel.swift */ = {isa = PBXFileReference; lastKnownFileType = sourcecode.swift; path = "WeatherViewModel.swift"; sourceTree = "<group>"; };
    0653F4AD1987BEC2 /* WeatherappforiPhoneTests.swift */ = {isa = PBXFileReference; lastKnownFileType = sourcecode.swift; path = "WeatherappforiPhoneTests.swift"; sourceTree = "<group>"; };
    E0634912ACDB8F75 /* WeatherappforiPhoneUITests.swift */ = {isa = PBXFileReference; lastKnownFileType = sourcecode.swift; path = "WeatherappforiPhoneUITests.swift"; sourceTree = "<group>"; };
    1F0E859B3D6AC742 /* WeatherappforiPhoneTests.xctest */ = {isa = PBXFileReference; explicitFileType = wrapper.cfbundle; includeInIndex = 0; path = "WeatherappforiPhoneTests.xctest"; sourceTree = BUILT_PRODUCTS_DIR; };
    01BAD28CF93645E7 /* WeatherappforiPhoneUITests.xctest */ = {isa = PBXFileReference; explicitFileType = wrapper.cfbundle; includeInIndex = 0; path = "WeatherappforiPhoneUITests.xctest"; sourceTree = BUILT_PRODUCTS_DIR; };
    54FBA71E32D8C096 /* SwiftUI.framework */ = {isa = PBXFileReference; lastKnownFileType = wrapper.framework; name = SwiftUI.framework; path = System/Library/Frameworks/SwiftUI.framework; sourceTree = SDKROOT; };
    /* End PBXFileReference section */

    /* Begin PBXFrameworksBuildPhase section */
    B305D18E24F769CA /* Frameworks */ = {
      isa = PBXFrameworksBuildPhase;
      buildActionMask = 2147483647;
      files = (
        D78B012A4C395F6E /* SwiftUI.framework in Frameworks */
      );
      runOnlyForDeploymentPostprocessing = 0;
    };
    06319EADC2457B8F /* Frameworks */ = {
      isa = PBXFrameworksBuildPhase;
      buildActionMask = 2147483647;
      files = (
      );
      runOnlyForDeploymentPostprocessing = 0;
    };
    067D1E4529F8ACB3 /* Frameworks */ = {
      isa = PBXFrameworksBuildPhase;
      buildActionMask = 2147483647;
      files = (
      );
      runOnlyForDeploymentPostprocessing = 0;
    };
    /* End PBXFrameworksBuildPhase section */

    /* Begin PBXGroup section */
    DC6F97805E1AB243 /* Main Group */ = {
      isa = PBXGroup;
      children = (
        26C3B4E905AF8D71 /* WeatherappforiPhone */,
        78FC32B5D94610EA /* WeatherappforiPhoneTests */,
        4398562D1CA07EBF /* WeatherappforiPhoneUITests */,
        FE0AC476851932BD /* Products */
      );
      sourceTree = "<group>";
    };
    26C3B4E905AF8D71 /* WeatherappforiPhone */ = {
      isa = PBXGroup;
      children = (
        C07B132A645FD8E9,
        A9B083FD6C15472E,
        AE357B6148C0F9D2,
        C4D2795B13AF806E,
        501C872F3EB469DA,
        8B2715FD4EA3906C,
        0123456D7BFAE98C,
        09A12DC4E8637BF5,
        8A2B91C4EF70536D,
        42DEB950C7F8136A
      );
      path = "WeatherappforiPhone";
      sourceTree = "<group>";
    };
    
    78FC32B5D94610EA /* WeatherappforiPhoneTests */ = {
      isa = PBXGroup;
      children = (
        0653F4AD1987BEC2 /* WeatherappforiPhoneTests.swift */
      );
      path = "WeatherappforiPhoneTests";
      sourceTree = "<group>";
    };
    4398562D1CA07EBF /* WeatherappforiPhoneUITests */ = {
      isa = PBXGroup;
      children = (
        E0634912ACDB8F75 /* WeatherappforiPhoneUITests.swift */
      );
      path = "WeatherappforiPhoneUITests";
      sourceTree = "<group>";
    };
    FE0AC476851932BD /* Products */ = {
      isa = PBXGroup;
      children = (
        0138EC4DFBA26957 /* WeatherappforiPhone.app */,
        1F0E859B3D6AC742 /* WeatherappforiPhoneTests.xctest */,
        01BAD28CF93645E7 /* WeatherappforiPhoneUITests.xctest */
      );
      name = Products;
      sourceTree = "<group>";
    };
    /* End PBXGroup section */

    /* Begin PBXNativeTarget section */
    5B1A037E8D426CF9 /* WeatherappforiPhone */ = {
      isa = PBXNativeTarget;
      buildConfigurationList = 640EB3D78125CF9A /* Build configuration list for PBXNativeTarget "WeatherappforiPhone" */;
      buildPhases = (
        F46C2A95E3B80D71 /* Sources */,
        B305D18E24F769CA /* Frameworks */
      );
      buildRules = (
      );
      dependencies = (
      );
      name = "WeatherappforiPhone";
      productName = "WeatherappforiPhone";
      productReference = 0138EC4DFBA26957 /* WeatherappforiPhone.app */;
      productType = "com.apple.product-type.application";
    };
    508714FDE36A9C2B /* WeatherappforiPhoneTests */ = {
      isa = PBXNativeTarget;
      buildConfigurationList = 05A2D6F193B7E8C4 /* Build configuration list for PBXNativeTarget "WeatherappforiPhoneTests" */;
      buildPhases = (
        0EC1234BDF7568A9 /* Sources */,
        06319EADC2457B8F /* Frameworks */
      );
      buildRules = (
      );
      dependencies = (
        40B937812FC5E6AD /* PBXTargetDependency */
      );
      name = "WeatherappforiPhoneTests";
      productName = "WeatherappforiPhoneTests";
      productReference = 1F0E859B3D6AC742 /* WeatherappforiPhoneTests.xctest */;
      productType = "com.apple.product-type.bundle.unit-test";
    };
    01749FE5862C3DAB /* WeatherappforiPhoneUITests */ = {
      isa = PBXNativeTarget;
      buildConfigurationList = 08DB1C6723E945FA /* Build configuration list for PBXNativeTarget "WeatherappforiPhoneUITests" */;
      buildPhases = (
        9A261875B30EC4FD /* Sources */,
        067D1E4529F8ACB3 /* Frameworks */
      );
      buildRules = (
      );
      dependencies = (
        F735E10AD8942B6C /* PBXTargetDependency */
      );
      name = "WeatherappforiPhoneUITests";
      productName = "WeatherappforiPhoneUITests";
      productReference = 01BAD28CF93645E7 /* WeatherappforiPhoneUITests.xctest */;
      productType = "com.apple.product-type.bundle.ui-testing";
    };
    /* End PBXNativeTarget section */

    /* Begin PBXProject section */
    36F5C78B9A12E4D0 /* Project object */ = {
      isa = PBXProject;
      attributes = {
        LastSwiftUpdateCheck = 1500;
        LastUpgradeCheck = 1500;
        TargetAttributes = {
          5B1A037E8D426CF9 = {
            CreatedOnToolsVersion = 15.0;
          };
          508714FDE36A9C2B = {
            CreatedOnToolsVersion = 15.0;
            TestTargetID = 5B1A037E8D426CF9;
          };
          01749FE5862C3DAB = {
            CreatedOnToolsVersion = 15.0;
            TestTargetID = 5B1A037E8D426CF9;
          };
        };
      };
      buildConfigurationList = 09E36FA5C4782DB1 /* Build configuration list for PBXProject "WeatherappforiPhone" */;
      compatibilityVersion = "Xcode 14.0";
      developmentRegion = en;
      hasScannedForEncodings = 0;
      knownRegions = (
        en,
        Base
      );
      mainGroup = DC6F97805E1AB243;
      productRefGroup = FE0AC476851932BD /* Products */;
      projectDirPath = "";
      projectRoot = "";
      targets = (
        5B1A037E8D426CF9 /* WeatherappforiPhone */,
        508714FDE36A9C2B /* WeatherappforiPhoneTests */,
        01749FE5862C3DAB /* WeatherappforiPhoneUITests */
      );
    };
    /* End PBXProject section */

    /* Begin PBXSourcesBuildPhase section */
    F46C2A95E3B80D71 /* Sources */ = {
      isa = PBXSourcesBuildPhase;
      buildActionMask = 2147483647;
      files = (
        B73A09581F24E6CD,
        A5308E4C971DF6B2,
        60C5D91EAF2B8734,
        DF2A09B4C835761E,
        273E1CFA0648D9B5,
        47365BFA28C190DE,
        03D4FB9675AC81E2,
        0E178F546C2A9BD3,
        01A53E7F68294DBC,
        6E1587B0423A9DCF
      );
      runOnlyForDeploymentPostprocessing = 0;
    };
    0EC1234BDF7568A9 /* Sources */ = {
      isa = PBXSourcesBuildPhase;
      buildActionMask = 2147483647;
      files = (
        019E237FC684AB5D /* WeatherappforiPhoneTests.swift in Sources */
      );
      runOnlyForDeploymentPostprocessing = 0;
    };
    9A261875B30EC4FD /* Sources */ = {
      isa = PBXSourcesBuildPhase;
      buildActionMask = 2147483647;
      files = (
        0BDE7C318A9F2456 /* WeatherappforiPhoneUITests.swift in Sources */
      );
      runOnlyForDeploymentPostprocessing = 0;
    };
    /* End PBXSourcesBuildPhase section */

    /* Begin PBXContainerItemProxy section */
    03CFDE45612AB897 /* PBXContainerItemProxy */ = {
      isa = PBXContainerItemProxy;
      containerPortal = 36F5C78B9A12E4D0 /* Project object */;
      proxyType = 1;
      remoteGlobalIDString = 5B1A037E8D426CF9;
      remoteInfo = "WeatherappforiPhone";
    };
    0198F5324A6DC7BE /* PBXContainerItemProxy */ = {
      isa = PBXContainerItemProxy;
      containerPortal = 36F5C78B9A12E4D0 /* Project object */;
      proxyType = 1;
      remoteGlobalIDString = 5B1A037E8D426CF9;
      remoteInfo = "WeatherappforiPhone";
    };
    /* End PBXContainerItemProxy section */

    /* Begin PBXTargetDependency section */
    40B937812FC5E6AD /* PBXTargetDependency */ = {
      isa = PBXTargetDependency;
      target = 5B1A037E8D426CF9 /* WeatherappforiPhone */;
      targetProxy = 03CFDE45612AB897 /* PBXContainerItemProxy */;
    };
    F735E10AD8942B6C /* PBXTargetDependency */ = {
      isa = PBXTargetDependency;
      target = 5B1A037E8D426CF9 /* WeatherappforiPhone */;
      targetProxy = 0198F5324A6DC7BE /* PBXContainerItemProxy */;
    };
    /* End PBXTargetDependency section */

    /* Begin XCBuildConfiguration section */
    96230B715CF84AED /* Debug */ = {
      isa = XCBuildConfiguration;
      buildSettings = {
        ALWAYS_SEARCH_USER_PATHS = NO;
        ASSETCATALOG_COMPILER_APPICON_NAME = AppIcon;
        ASSETCATALOG_COMPILER_GLOBAL_ACCENT_COLOR_NAME = AccentColor;
        CLANG_ANALYZER_NONNULL = YES;
        CLANG_ANALYZER_NUMBER_OBJECT_CONVERSION = YES_AGGRESSIVE;
        CLANG_CXX_LANGUAGE_STANDARD = "gnu++20";
        CLANG_ENABLE_MODULES = YES;
        CLANG_ENABLE_OBJC_ARC = YES;
        CLANG_ENABLE_OBJC_WEAK = YES;
        CODE_SIGN_STYLE = Automatic;
        CURRENT_PROJECT_VERSION = 1;
        DEVELOPMENT_ASSET_PATHS = "";
        DEVELOPMENT_TEAM = "";
        ENABLE_PREVIEWS = YES;
        ENABLE_STRICT_OBJC_MSGSEND = YES;
        ENABLE_TESTABILITY = YES;
        FRAMEWORK_SEARCH_PATHS = (
          "$(inherited)",
          "$(SDKROOT)/System/Library/Frameworks"
        );
        GCC_C_LANGUAGE_STANDARD = gnu11;
        GCC_DYNAMIC_NO_PIC = NO;
        GCC_NO_COMMON_BLOCKS = YES;
        GCC_OPTIMIZATION_LEVEL = 0;
        GCC_PREPROCESSOR_DEFINITIONS = (
          "DEBUG=1",
          "$(inherited)",
        );
        GENERATE_INFOPLIST_FILE = YES;
        INFOPLIST_KEY_UIApplicationSceneManifest_Generation = YES;
        INFOPLIST_KEY_UILaunchScreen_Generation = YES;
        IPHONEOS_DEPLOYMENT_TARGET = 15.0;
        LD_RUNPATH_SEARCH_PATHS = (
          "$(inherited)",
          "@executable_path/Frameworks",
        );
        MARKETING_VERSION = 1.0;
        MTL_ENABLE_DEBUG_INFO = INCLUDE_SOURCE;
        MTL_FAST_MATH = YES;
        ONLY_ACTIVE_ARCH = YES;
        PRODUCT_BUNDLE_IDENTIFIER = "com.example.weatherappforiphone";
        PRODUCT_NAME = "$(TARGET_NAME)";
        SDKROOT = iphoneos;
        SUPPORTED_PLATFORMS = "iphoneos iphonesimulator";
        SUPPORTS_MACCATALYST = NO;
        SUPPORTS_MAC_DESIGNED_FOR_IPHONE_IPAD = NO;
        SWIFT_ACTIVE_COMPILATION_CONDITIONS = DEBUG;
        SWIFT_EMIT_LOC_STRINGS = YES;
        SWIFT_OPTIMIZATION_LEVEL = "-Onone";
        SWIFT_VERSION = 5.0;
        TARGETED_DEVICE_FAMILY = "1,2";
      };
      name = Debug;
    };
    C60B14D3A8F29E75 /* Release */ = {
      isa = XCBuildConfiguration;
      buildSettings = {
        ALWAYS_SEARCH_USER_PATHS = NO;
        ASSETCATALOG_COMPILER_APPICON_NAME = AppIcon;
        ASSETCATALOG_COMPILER_GLOBAL_ACCENT_COLOR_NAME = AccentColor;
        CLANG_ANALYZER_NONNULL = YES;
        CLANG_ANALYZER_NUMBER_OBJECT_CONVERSION = YES_AGGRESSIVE;
        CLANG_CXX_LANGUAGE_STANDARD = "gnu++20";
        CLANG_ENABLE_MODULES = YES;
        CLANG_ENABLE_OBJC_ARC = YES;
        CLANG_ENABLE_OBJC_WEAK = YES;
        CODE_SIGN_STYLE = Automatic;
        COPY_PHASE_STRIP = NO;
        CURRENT_PROJECT_VERSION = 1;
        DEVELOPMENT_ASSET_PATHS = "";
        DEVELOPMENT_TEAM = "";
        ENABLE_NS_ASSERTIONS = NO;
        ENABLE_PREVIEWS = YES;
        ENABLE_STRICT_OBJC_MSGSEND = YES;
        FRAMEWORK_SEARCH_PATHS = (
          "$(inherited)",
          "$(SDKROOT)/System/Library/Frameworks"
        );
        GCC_C_LANGUAGE_STANDARD = gnu11;
        GCC_NO_COMMON_BLOCKS = YES;
        GENERATE_INFOPLIST_FILE = YES;
        INFOPLIST_KEY_UIApplicationSceneManifest_Generation = YES;
        INFOPLIST_KEY_UILaunchScreen_Generation = YES;
        IPHONEOS_DEPLOYMENT_TARGET = 15.0;
        LD_RUNPATH_SEARCH_PATHS = (
          "$(inherited)",
          "@executable_path/Frameworks",
        );
        MARKETING_VERSION = 1.0;
        MTL_ENABLE_DEBUG_INFO = NO;
        MTL_FAST_MATH = YES;
        PRODUCT_BUNDLE_IDENTIFIER = "com.example.weatherappforiphone";
        PRODUCT_NAME = "$(TARGET_NAME)";
        SDKROOT = iphoneos;
        SUPPORTED_PLATFORMS = "iphoneos iphonesimulator";
        SUPPORTS_MACCATALYST = NO;
        SUPPORTS_MAC_DESIGNED_FOR_IPHONE_IPAD = NO;
        SWIFT_COMPILATION_MODE = wholemodule;
        SWIFT_EMIT_LOC_STRINGS = YES;
        SWIFT_OPTIMIZATION_LEVEL = "-O";
        SWIFT_VERSION = 5.0;
        TARGETED_DEVICE_FAMILY = "1,2";
        VALIDATE_PRODUCT = YES;
      };
      name = Release;
    };
    B8D01C23A45EF976 /* Debug */ = {
      isa = XCBuildConfiguration;
      buildSettings = {
        BUNDLE_LOADER = "$(TEST_HOST)";
        CODE_SIGN_STYLE = Automatic;
        CURRENT_PROJECT_VERSION = 1;
        GENERATE_INFOPLIST_FILE = YES;
        IPHONEOS_DEPLOYMENT_TARGET = 15.0;
        MARKETING_VERSION = 1.0;
        PRODUCT_BUNDLE_IDENTIFIER = "com.example.weatherappforiphone.Tests";
        PRODUCT_NAME = "$(TARGET_NAME)";
        SDKROOT = iphoneos;
        SUPPORTED_PLATFORMS = "iphoneos iphonesimulator";
        SUPPORTS_MACCATALYST = NO;
        SUPPORTS_MAC_DESIGNED_FOR_IPHONE_IPAD = NO;
        SWIFT_EMIT_LOC_STRINGS = NO;
        SWIFT_VERSION = 5.0;
        TARGETED_DEVICE_FAMILY = "1,2";
        TEST_HOST = "$(BUILT_PRODUCTS_DIR)/WeatherappforiPhone.app/$(BUNDLE_EXECUTABLE_FOLDER_PATH)/WeatherappforiPhone";
      };
      name = Debug;
    };
    F0A8912345CB7E6D /* Release */ = {
      isa = XCBuildConfiguration;
      buildSettings = {
        BUNDLE_LOADER = "$(TEST_HOST)";
        CODE_SIGN_STYLE = Automatic;
        CURRENT_PROJECT_VERSION = 1;
        GENERATE_INFOPLIST_FILE = YES;
        IPHONEOS_DEPLOYMENT_TARGET = 15.0;
        MARKETING_VERSION = 1.0;
        PRODUCT_BUNDLE_IDENTIFIER = "com.example.weatherappforiphone.Tests";
        PRODUCT_NAME = "$(TARGET_NAME)";
        SDKROOT = iphoneos;
        SUPPORTED_PLATFORMS = "iphoneos iphonesimulator";
        SUPPORTS_MACCATALYST = NO;
        SUPPORTS_MAC_DESIGNED_FOR_IPHONE_IPAD = NO;
        SWIFT_EMIT_LOC_STRINGS = NO;
        SWIFT_VERSION = 5.0;
        TARGETED_DEVICE_FAMILY = "1,2";
        TEST_HOST = "$(BUILT_PRODUCTS_DIR)/WeatherappforiPhone.app/$(BUNDLE_EXECUTABLE_FOLDER_PATH)/WeatherappforiPhone";
        VALIDATE_PRODUCT = YES;
      };
      name = Release;
    };
    A7D5C81FB923046E /* Debug */ = {
      isa = XCBuildConfiguration;
      buildSettings = {
        CODE_SIGN_STYLE = Automatic;
        CURRENT_PROJECT_VERSION = 1;
        GENERATE_INFOPLIST_FILE = YES;
        MARKETING_VERSION = 1.0;
        PRODUCT_BUNDLE_IDENTIFIER = "com.example.weatherappforiphone.UITests";
        PRODUCT_NAME = "$(TARGET_NAME)";
        SDKROOT = iphoneos;
        SUPPORTED_PLATFORMS = "iphoneos iphonesimulator";
        SUPPORTS_MACCATALYST = NO;
        SUPPORTS_MAC_DESIGNED_FOR_IPHONE_IPAD = NO;
        SWIFT_EMIT_LOC_STRINGS = NO;
        SWIFT_VERSION = 5.0;
        TARGETED_DEVICE_FAMILY = "1,2";
        TEST_TARGET_NAME = WeatherappforiPhone;
      };
      name = Debug;
    };
    BAC519ED072863F4 /* Release */ = {
      isa = XCBuildConfiguration;
      buildSettings = {
        CODE_SIGN_STYLE = Automatic;
        CURRENT_PROJECT_VERSION = 1;
        GENERATE_INFOPLIST_FILE = YES;
        MARKETING_VERSION = 1.0;
        PRODUCT_BUNDLE_IDENTIFIER = "com.example.weatherappforiphone.UITests";
        PRODUCT_NAME = "$(TARGET_NAME)";
        SDKROOT = iphoneos;
        SUPPORTED_PLATFORMS = "iphoneos iphonesimulator";
        SUPPORTS_MACCATALYST = NO;
        SUPPORTS_MAC_DESIGNED_FOR_IPHONE_IPAD = NO;
        SWIFT_EMIT_LOC_STRINGS = NO;
        SWIFT_VERSION = 5.0;
        TARGETED_DEVICE_FAMILY = "1,2";
        TEST_TARGET_NAME = WeatherappforiPhone;
        VALIDATE_PRODUCT = YES;
      };
      name = Release;
    };
    /* End XCBuildConfiguration section */

    /* Begin XCConfigurationList section */
    09E36FA5C4782DB1 /* Build configuration list for PBXProject "WeatherappforiPhone" */ = {
      isa = XCConfigurationList;
      buildConfigurations = (
        96230B715CF84AED /* Debug */,
        C60B14D3A8F29E75 /* Release */
      );
      defaultConfigurationIsVisible = 0;
      defaultConfigurationName = Release;
    };
    640EB3D78125CF9A /* Build configuration list for PBXNativeTarget "WeatherappforiPhone" */ = {
      isa = XCConfigurationList;
      buildConfigurations = (
        96230B715CF84AED /* Debug */,
        C60B14D3A8F29E75 /* Release */
      );
      defaultConfigurationIsVisible = 0;
      defaultConfigurationName = Release;
    };
    05A2D6F193B7E8C4 /* Build configuration list for PBXNativeTarget "WeatherappforiPhoneTests" */ = {
      isa = XCConfigurationList;
      buildConfigurations = (
        B8D01C23A45EF976 /* Debug */,
        F0A8912345CB7E6D /* Release */
      );
      defaultConfigurationIsVisible = 0;
      defaultConfigurationName = Release;
    };
    08DB1C6723E945FA /* Build configuration list for PBXNativeTarget "WeatherappforiPhoneUITests" */ = {
      isa = XCConfigurationList;
      buildConfigurations = (
        A7D5C81FB923046E /* Debug */,
        BAC519ED072863F4 /* Release */
      );
      defaultConfigurationIsVisible = 0;
      defaultConfigurationName = Release;
    };
    /* End XCConfigurationList section */

  };
  rootObject = 36F5C78B9A12E4D0 /* Project object */;
}
