// !$*UTF8*$!
{
  archiveVersion = 1;
  classes = {
  };
  objectVersion = 56;
  objects = {

    /* Begin PBXBuildFile section */
    F54327698D1CE0AB /* CommonComponents.swift in Sources */ = {isa = PBXBuildFile; fileRef = C901A4D8EBF65723; };
    4E25C106BAF3789D /* ContentView.swift in Sources */ = {isa = PBXBuildFile; fileRef = 0AC185F6D27394BE; };
    5D84F390EA71BC26 /* CurrentWeatherView.swift in Sources */ = {isa = PBXBuildFile; fileRef = 7AF0432D5C86BE19; };
    8C4DB0E13A96F527 /* ForecastView.swift in Sources */ = {isa = PBXBuildFile; fileRef = F564037AED19B28C; };
    F13CDE9B4860527A /* Info.plist in Sources */ = {isa = PBXBuildFile; fileRef = D9160F23B7CE8A54; };
    3C71D48AB650EF92 /* Models.swift in Sources */ = {isa = PBXBuildFile; fileRef = 0F9AB14D325687CE; };
    0E53A4DB912678CF /* SearchView.swift in Sources */ = {isa = PBXBuildFile; fileRef = 9528631ADCB07F4E; };
    2DC63457BFE190A8 /* WeatherApp.swift in Sources */ = {isa = PBXBuildFile; fileRef = 47CA395FD28016BE; };
    549382FBC1A70E6D /* WeatherService.swift in Sources */ = {isa = PBXBuildFile; fileRef = 0B5714CA8F6E923D; };
    96342ADECF851B07 /* WeatherViewModel.swift in Sources */ = {isa = PBXBuildFile; fileRef = F017BEA2934C8D56; };
    ED3B2CA594180F76 /* WeatherappforiPhoneTests.swift in Sources */ = {isa = PBXBuildFile; fileRef = 385B74FC610DA29E; };
    0194EDF63C872AB5 /* WeatherappforiPhoneUITests.swift in Sources */ = {isa = PBXBuildFile; fileRef = 2B3A4F1ED8056C79; };
    6A034BC75F1D892E /* SwiftUI.framework in Frameworks */ = {isa = PBXBuildFile; fileRef = 0A19328B7DCFE654; };
    /* End PBXBuildFile section */

    /* Begin PBXFileReference section */
    8B05FCE7126A34D9 /* WeatherappforiPhone.app */ = {isa = PBXFileReference; explicitFileType = wrapper.application; includeInIndex = 0; path = "WeatherappforiPhone.app"; sourceTree = BUILT_PRODUCTS_DIR; };
    C901A4D8EBF65723 /* CommonComponents.swift */ = {isa = PBXFileReference; lastKnownFileType = sourcecode.swift; path = "CommonComponents.swift"; sourceTree = "<group>"; };
    0AC185F6D27394BE /* ContentView.swift */ = {isa = PBXFileReference; lastKnownFileType = sourcecode.swift; path = "ContentView.swift"; sourceTree = "<group>"; };
    7AF0432D5C86BE19 /* CurrentWeatherView.swift */ = {isa = PBXFileReference; lastKnownFileType = sourcecode.swift; path = "CurrentWeatherView.swift"; sourceTree = "<group>"; };
    F564037AED19B28C /* ForecastView.swift */ = {isa = PBXFileReference; lastKnownFileType = sourcecode.swift; path = "ForecastView.swift"; sourceTree = "<group>"; };
    D9160F23B7CE8A54 /* Info.plist */ = {isa = PBXFileReference; lastKnownFileType = text.plist.xml; path = "Info.plist"; sourceTree = "<group>"; };
    0F9AB14D325687CE /* Models.swift */ = {isa = PBXFileReference; lastKnownFileType = sourcecode.swift; path = "Models.swift"; sourceTree = "<group>"; };
    9528631ADCB07F4E /* SearchView.swift */ = {isa = PBXFileReference; lastKnownFileType = sourcecode.swift; path = "SearchView.swift"; sourceTree = "<group>"; };
    47CA395FD28016BE /* WeatherApp.swift */ = {isa = PBXFileReference; lastKnownFileType = sourcecode.swift; path = "WeatherApp.swift"; sourceTree = "<group>"; };
    0B5714CA8F6E923D /* WeatherService.swift */ = {isa = PBXFileReference; lastKnownFileType = sourcecode.swift; path = "WeatherService.swift"; sourceTree = "<group>"; };
    F017BEA2934C8D56 /* WeatherViewModel.swift */ = {isa = PBXFileReference; lastKnownFileType = sourcecode.swift; path = "WeatherViewModel.swift"; sourceTree = "<group>"; };
    385B74FC610DA29E /* WeatherappforiPhoneTests.swift */ = {isa = PBXFileReference; lastKnownFileType = sourcecode.swift; path = "WeatherappforiPhoneTests.swift"; sourceTree = "<group>"; };
    2B3A4F1ED8056C79 /* WeatherappforiPhoneUITests.swift */ = {isa = PBXFileReference; lastKnownFileType = sourcecode.swift; path = "WeatherappforiPhoneUITests.swift"; sourceTree = "<group>"; };
    AB23C75DE10F4689 /* WeatherappforiPhoneTests.xctest */ = {isa = PBXFileReference; explicitFileType = wrapper.cfbundle; includeInIndex = 0; path = "WeatherappforiPhoneTests.xctest"; sourceTree = BUILT_PRODUCTS_DIR; };
    2679058AB431CFED /* WeatherappforiPhoneUITests.xctest */ = {isa = PBXFileReference; explicitFileType = wrapper.cfbundle; includeInIndex = 0; path = "WeatherappforiPhoneUITests.xctest"; sourceTree = BUILT_PRODUCTS_DIR; };
    0A19328B7DCFE654 /* SwiftUI.framework */ = {isa = PBXFileReference; lastKnownFileType = wrapper.framework; name = SwiftUI.framework; path = System/Library/Frameworks/SwiftUI.framework; sourceTree = SDKROOT; };
    /* End PBXFileReference section */

    /* Begin PBXFrameworksBuildPhase section */
    47AC3EF526B1089D /* Frameworks */ = {
      isa = PBXFrameworksBuildPhase;
      buildActionMask = 2147483647;
      files = (
        6A034BC75F1D892E /* SwiftUI.framework in Frameworks */
      );
      runOnlyForDeploymentPostprocessing = 0;
    };
    C65BFD34827109AE /* Frameworks */ = {
      isa = PBXFrameworksBuildPhase;
      buildActionMask = 2147483647;
      files = (
      );
      runOnlyForDeploymentPostprocessing = 0;
    };
    281E79C3AF4056DB /* Frameworks */ = {
      isa = PBXFrameworksBuildPhase;
      buildActionMask = 2147483647;
      files = (
      );
      runOnlyForDeploymentPostprocessing = 0;
    };
    /* End PBXFrameworksBuildPhase section */

    /* Begin PBXGroup section */
    21A895FD7C6E30B4 /* Main Group */ = {
      isa = PBXGroup;
      children = (
        463A92DB75FC180E /* WeatherappforiPhone */,
        0F5D9E24C813BA76 /* WeatherappforiPhoneTests */,
        AC50EF931684B72D /* WeatherappforiPhoneUITests */,
        01F2E7B9CA3465D8 /* Products */
      );
      sourceTree = "<group>";
    };
    463A92DB75FC180E /* WeatherappforiPhone */ = {
      isa = PBXGroup;
      children = (
        C901A4D8EBF65723,
        0AC185F6D27394BE,
        7AF0432D5C86BE19,
        F564037AED19B28C,
        D9160F23B7CE8A54,
        0F9AB14D325687CE,
        9528631ADCB07F4E,
        47CA395FD28016BE,
        0B5714CA8F6E923D,
        F017BEA2934C8D56
      );
      path = "WeatherappforiPhone";
      sourceTree = "<group>";
    };
    
    0F5D9E24C813BA76 /* WeatherappforiPhoneTests */ = {
      isa = PBXGroup;
      children = (
        385B74FC610DA29E /* WeatherappforiPhoneTests.swift */
      );
      path = "WeatherappforiPhoneTests";
      sourceTree = "<group>";
    };
    AC50EF931684B72D /* WeatherappforiPhoneUITests */ = {
      isa = PBXGroup;
      children = (
        2B3A4F1ED8056C79 /* WeatherappforiPhoneUITests.swift */
      );
      path = "WeatherappforiPhoneUITests";
      sourceTree = "<group>";
    };
    01F2E7B9CA3465D8 /* Products */ = {
      isa = PBXGroup;
      children = (
        8B05FCE7126A34D9 /* WeatherappforiPhone.app */,
        AB23C75DE10F4689 /* WeatherappforiPhoneTests.xctest */,
        2679058AB431CFED /* WeatherappforiPhoneUITests.xctest */
      );
      name = Products;
      sourceTree = "<group>";
    };
    /* End PBXGroup section */

    /* Begin PBXNativeTarget section */
    FE64B2D73C951A08 /* WeatherappforiPhone */ = {
      isa = PBXNativeTarget;
      buildConfigurationList = 73EF4106285BDC9A /* Build configuration list for PBXNativeTarget "WeatherappforiPhone" */;
      buildPhases = (
        47A0BE8193D62FC5 /* Sources */,
        47AC3EF526B1089D /* Frameworks */
      );
      buildRules = (
      );
      dependencies = (
      );
      name = "WeatherappforiPhone";
      productName = "WeatherappforiPhone";
      productReference = 8B05FCE7126A34D9 /* WeatherappforiPhone.app */;
      productType = "com.apple.product-type.application";
    };
    54ECB3297F1A086D /* WeatherappforiPhoneTests */ = {
      isa = PBXNativeTarget;
      buildConfigurationList = 372D9104568CEAFB /* Build configuration list for PBXNativeTarget "WeatherappforiPhoneTests" */;
      buildPhases = (
        E25C93D6B4F78A10 /* Sources */,
        C65BFD34827109AE /* Frameworks */
      );
      buildRules = (
      );
      dependencies = (
        71A34D05826FCB9E /* PBXTargetDependency */
      );
      name = "WeatherappforiPhoneTests";
      productName = "WeatherappforiPhoneTests";
      productReference = AB23C75DE10F4689 /* WeatherappforiPhoneTests.xctest */;
      productType = "com.apple.product-type.bundle.unit-test";
    };
    23B0497CEF15D86A /* WeatherappforiPhoneUITests */ = {
      isa = PBXNativeTarget;
      buildConfigurationList = 283A67B1CE5F94D0 /* Build configuration list for PBXNativeTarget "WeatherappforiPhoneUITests" */;
      buildPhases = (
        56DB3F9C2A48E710 /* Sources */,
        281E79C3AF4056DB /* Frameworks */
      );
      buildRules = (
      );
      dependencies = (
        C60891FBAE23475D /* PBXTargetDependency */
      );
      name = "WeatherappforiPhoneUITests";
      productName = "WeatherappforiPhoneUITests";
      productReference = 2679058AB431CFED /* WeatherappforiPhoneUITests.xctest */;
      productType = "com.apple.product-type.bundle.ui-testing";
    };
    /* End PBXNativeTarget section */

    /* Begin PBXProject section */
    801D6EC423F5B9A7 /* Project object */ = {
      isa = PBXProject;
      attributes = {
        LastSwiftUpdateCheck = 1500;
        LastUpgradeCheck = 1500;
        TargetAttributes = {
          FE64B2D73C951A08 = {
            CreatedOnToolsVersion = 15.0;
          };
          54ECB3297F1A086D = {
            CreatedOnToolsVersion = 15.0;
            TestTargetID = FE64B2D73C951A08;
          };
          23B0497CEF15D86A = {
            CreatedOnToolsVersion = 15.0;
            TestTargetID = FE64B2D73C951A08;
          };
        };
      };
      buildConfigurationList = 63A80E571CF49D2B /* Build configuration list for PBXProject "WeatherappforiPhone" */;
      compatibilityVersion = "Xcode 14.0";
      developmentRegion = en;
      hasScannedForEncodings = 0;
      knownRegions = (
        en,
        Base
      );
      mainGroup = 21A895FD7C6E30B4;
      productRefGroup = 01F2E7B9CA3465D8 /* Products */;
      projectDirPath = "";
      projectRoot = "";
      targets = (
        FE64B2D73C951A08 /* WeatherappforiPhone */,
        54ECB3297F1A086D /* WeatherappforiPhoneTests */,
        23B0497CEF15D86A /* WeatherappforiPhoneUITests */
      );
    };
    /* End PBXProject section */

    /* Begin PBXSourcesBuildPhase section */
    47A0BE8193D62FC5 /* Sources */ = {
      isa = PBXSourcesBuildPhase;
      buildActionMask = 2147483647;
      files = (
        F54327698D1CE0AB,
        4E25C106BAF3789D,
        5D84F390EA71BC26,
        8C4DB0E13A96F527,
        F13CDE9B4860527A,
        3C71D48AB650EF92,
        0E53A4DB912678CF,
        2DC63457BFE190A8,
        549382FBC1A70E6D,
        96342ADECF851B07
      );
      runOnlyForDeploymentPostprocessing = 0;
    };
    E25C93D6B4F78A10 /* Sources */ = {
      isa = PBXSourcesBuildPhase;
      buildActionMask = 2147483647;
      files = (
        ED3B2CA594180F76 /* WeatherappforiPhoneTests.swift in Sources */
      );
      runOnlyForDeploymentPostprocessing = 0;
    };
    56DB3F9C2A48E710 /* Sources */ = {
      isa = PBXSourcesBuildPhase;
      buildActionMask = 2147483647;
      files = (
        0194EDF63C872AB5 /* WeatherappforiPhoneUITests.swift in Sources */
      );
      runOnlyForDeploymentPostprocessing = 0;
    };
    /* End PBXSourcesBuildPhase section */

    /* Begin PBXContainerItemProxy section */
    C8F6AD193B47205E /* PBXContainerItemProxy */ = {
      isa = PBXContainerItemProxy;
      containerPortal = 801D6EC423F5B9A7 /* Project object */;
      proxyType = 1;
      remoteGlobalIDString = FE64B2D73C951A08;
      remoteInfo = "WeatherappforiPhone";
    };
    9071E62DAB8345FC /* PBXContainerItemProxy */ = {
      isa = PBXContainerItemProxy;
      containerPortal = 801D6EC423F5B9A7 /* Project object */;
      proxyType = 1;
      remoteGlobalIDString = FE64B2D73C951A08;
      remoteInfo = "WeatherappforiPhone";
    };
    /* End PBXContainerItemProxy section */

    /* Begin PBXTargetDependency section */
    71A34D05826FCB9E /* PBXTargetDependency */ = {
      isa = PBXTargetDependency;
      target = FE64B2D73C951A08 /* WeatherappforiPhone */;
      targetProxy = C8F6AD193B47205E /* PBXContainerItemProxy */;
    };
    C60891FBAE23475D /* PBXTargetDependency */ = {
      isa = PBXTargetDependency;
      target = FE64B2D73C951A08 /* WeatherappforiPhone */;
      targetProxy = 9071E62DAB8345FC /* PBXContainerItemProxy */;
    };
    /* End PBXTargetDependency section */

    /* Begin XCBuildConfiguration section */
    8031EBF967A425CD /* Debug */ = {
      isa = XCBuildConfiguration;
      buildSettings = {
        ALWAYS_SEARCH_USER_PATHS = NO;
        ASSETCATALOG_COMPILER_APPICON_NAME = AppIcon;
        ASSETCATALOG_COMPILER_GLOBAL_ACCENT_COLOR_NAME = AccentColor;
        CLANG_ANALYZER_NONNULL = YES;
        CLANG_ANALYZER_NUMBER_OBJECT_CONVERSION = YES_AGGRESSIVE;
        CLANG_CXX_LANGUAGE_STANDARD = "gnu++20";
        CLANG_ENABLE_MODULES = YES;
        CLANG_ENABLE_OBJC_ARC = YES;
        CLANG_ENABLE_OBJC_WEAK = YES;
        CODE_SIGN_STYLE = Automatic;
        CURRENT_PROJECT_VERSION = 1;
        DEVELOPMENT_ASSET_PATHS = "";
        DEVELOPMENT_TEAM = "";
        ENABLE_PREVIEWS = YES;
        ENABLE_STRICT_OBJC_MSGSEND = YES;
        ENABLE_TESTABILITY = YES;
        FRAMEWORK_SEARCH_PATHS = (
          "$(inherited)",
          "$(SDKROOT)/System/Library/Frameworks"
        );
        GCC_C_LANGUAGE_STANDARD = gnu11;
        GCC_DYNAMIC_NO_PIC = NO;
        GCC_NO_COMMON_BLOCKS = YES;
        GCC_OPTIMIZATION_LEVEL = 0;
        GCC_PREPROCESSOR_DEFINITIONS = (
          "DEBUG=1",
          "$(inherited)",
        );
        GENERATE_INFOPLIST_FILE = YES;
        INFOPLIST_KEY_UIApplicationSceneManifest_Generation = YES;
        INFOPLIST_KEY_UILaunchScreen_Generation = YES;
        IPHONEOS_DEPLOYMENT_TARGET = 15.0;
        LD_RUNPATH_SEARCH_PATHS = (
          "$(inherited)",
          "@executable_path/Frameworks",
        );
        MARKETING_VERSION = 1.0;
        MTL_ENABLE_DEBUG_INFO = INCLUDE_SOURCE;
        MTL_FAST_MATH = YES;
        ONLY_ACTIVE_ARCH = YES;
        PRODUCT_BUNDLE_IDENTIFIER = "com.example.weatherappforiphone";
        PRODUCT_NAME = "$(TARGET_NAME)";
        SDKROOT = iphoneos;
        SUPPORTED_PLATFORMS = "iphoneos iphonesimulator";
        SUPPORTS_MACCATALYST = NO;
        SUPPORTS_MAC_DESIGNED_FOR_IPHONE_IPAD = NO;
        SWIFT_ACTIVE_COMPILATION_CONDITIONS = DEBUG;
        SWIFT_EMIT_LOC_STRINGS = YES;
        SWIFT_OPTIMIZATION_LEVEL = "-Onone";
        SWIFT_VERSION = 5.0;
        TARGETED_DEVICE_FAMILY = "1,2";
      };
      name = Debug;
    };
    BF5CD920731EA684 /* Release */ = {
      isa = XCBuildConfiguration;
      buildSettings = {
        ALWAYS_SEARCH_USER_PATHS = NO;
        ASSETCATALOG_COMPILER_APPICON_NAME = AppIcon;
        ASSETCATALOG_COMPILER_GLOBAL_ACCENT_COLOR_NAME = AccentColor;
        CLANG_ANALYZER_NONNULL = YES;
        CLANG_ANALYZER_NUMBER_OBJECT_CONVERSION = YES_AGGRESSIVE;
        CLANG_CXX_LANGUAGE_STANDARD = "gnu++20";
        CLANG_ENABLE_MODULES = YES;
        CLANG_ENABLE_OBJC_ARC = YES;
        CLANG_ENABLE_OBJC_WEAK = YES;
        CODE_SIGN_STYLE = Automatic;
        COPY_PHASE_STRIP = NO;
        CURRENT_PROJECT_VERSION = 1;
        DEVELOPMENT_ASSET_PATHS = "";
        DEVELOPMENT_TEAM = "";
        ENABLE_NS_ASSERTIONS = NO;
        ENABLE_PREVIEWS = YES;
        ENABLE_STRICT_OBJC_MSGSEND = YES;
        FRAMEWORK_SEARCH_PATHS = (
          "$(inherited)",
          "$(SDKROOT)/System/Library/Frameworks"
        );
        GCC_C_LANGUAGE_STANDARD = gnu11;
        GCC_NO_COMMON_BLOCKS = YES;
        GENERATE_INFOPLIST_FILE = YES;
        INFOPLIST_KEY_UIApplicationSceneManifest_Generation = YES;
        INFOPLIST_KEY_UILaunchScreen_Generation = YES;
        IPHONEOS_DEPLOYMENT_TARGET = 15.0;
        LD_RUNPATH_SEARCH_PATHS = (
          "$(inherited)",
          "@executable_path/Frameworks",
        );
        MARKETING_VERSION = 1.0;
        MTL_ENABLE_DEBUG_INFO = NO;
        MTL_FAST_MATH = YES;
        PRODUCT_BUNDLE_IDENTIFIER = "com.example.weatherappforiphone";
        PRODUCT_NAME = "$(TARGET_NAME)";
        SDKROOT = iphoneos;
        SUPPORTED_PLATFORMS = "iphoneos iphonesimulator";
        SUPPORTS_MACCATALYST = NO;
        SUPPORTS_MAC_DESIGNED_FOR_IPHONE_IPAD = NO;
        SWIFT_COMPILATION_MODE = wholemodule;
        SWIFT_EMIT_LOC_STRINGS = YES;
        SWIFT_OPTIMIZATION_LEVEL = "-O";
        SWIFT_VERSION = 5.0;
        TARGETED_DEVICE_FAMILY = "1,2";
        VALIDATE_PRODUCT = YES;
      };
      name = Release;
    };
    0169A5DC274F8B3E /* Debug */ = {
      isa = XCBuildConfiguration;
      buildSettings = {
        BUNDLE_LOADER = "$(TEST_HOST)";
        CODE_SIGN_STYLE = Automatic;
        CURRENT_PROJECT_VERSION = 1;
        GENERATE_INFOPLIST_FILE = YES;
        IPHONEOS_DEPLOYMENT_TARGET = 15.0;
        MARKETING_VERSION = 1.0;
        PRODUCT_BUNDLE_IDENTIFIER = "com.example.weatherappforiphone.Tests";
        PRODUCT_NAME = "$(TARGET_NAME)";
        SDKROOT = iphoneos;
        SUPPORTED_PLATFORMS = "iphoneos iphonesimulator";
        SUPPORTS_MACCATALYST = NO;
        SUPPORTS_MAC_DESIGNED_FOR_IPHONE_IPAD = NO;
        SWIFT_EMIT_LOC_STRINGS = NO;
        SWIFT_VERSION = 5.0;
        TARGETED_DEVICE_FAMILY = "1,2";
        TEST_HOST = "$(BUILT_PRODUCTS_DIR)/WeatherappforiPhone.app/$(BUNDLE_EXECUTABLE_FOLDER_PATH)/WeatherappforiPhone";
      };
      name = Debug;
    };
    6F5B23D417A9E08C /* Release */ = {
      isa = XCBuildConfiguration;
      buildSettings = {
        BUNDLE_LOADER = "$(TEST_HOST)";
        CODE_SIGN_STYLE = Automatic;
        CURRENT_PROJECT_VERSION = 1;
        GENERATE_INFOPLIST_FILE = YES;
        IPHONEOS_DEPLOYMENT_TARGET = 15.0;
        MARKETING_VERSION = 1.0;
        PRODUCT_BUNDLE_IDENTIFIER = "com.example.weatherappforiphone.Tests";
        PRODUCT_NAME = "$(TARGET_NAME)";
        SDKROOT = iphoneos;
        SUPPORTED_PLATFORMS = "iphoneos iphonesimulator";
        SUPPORTS_MACCATALYST = NO;
        SUPPORTS_MAC_DESIGNED_FOR_IPHONE_IPAD = NO;
        SWIFT_EMIT_LOC_STRINGS = NO;
        SWIFT_VERSION = 5.0;
        TARGETED_DEVICE_FAMILY = "1,2";
        TEST_HOST = "$(BUILT_PRODUCTS_DIR)/WeatherappforiPhone.app/$(BUNDLE_EXECUTABLE_FOLDER_PATH)/WeatherappforiPhone";
        VALIDATE_PRODUCT = YES;
      };
      name = Release;
    };
    07BDA1F9C28E3546 /* Debug */ = {
      isa = XCBuildConfiguration;
      buildSettings = {
        CODE_SIGN_STYLE = Automatic;
        CURRENT_PROJECT_VERSION = 1;
        GENERATE_INFOPLIST_FILE = YES;
        MARKETING_VERSION = 1.0;
        PRODUCT_BUNDLE_IDENTIFIER = "com.example.weatherappforiphone.UITests";
        PRODUCT_NAME = "$(TARGET_NAME)";
        SDKROOT = iphoneos;
        SUPPORTED_PLATFORMS = "iphoneos iphonesimulator";
        SUPPORTS_MACCATALYST = NO;
        SUPPORTS_MAC_DESIGNED_FOR_IPHONE_IPAD = NO;
        SWIFT_EMIT_LOC_STRINGS = NO;
        SWIFT_VERSION = 5.0;
        TARGETED_DEVICE_FAMILY = "1,2";
        TEST_TARGET_NAME = WeatherappforiPhone;
      };
      name = Debug;
    };
    261E39B045D7AF8C /* Release */ = {
      isa = XCBuildConfiguration;
      buildSettings = {
        CODE_SIGN_STYLE = Automatic;
        CURRENT_PROJECT_VERSION = 1;
        GENERATE_INFOPLIST_FILE = YES;
        MARKETING_VERSION = 1.0;
        PRODUCT_BUNDLE_IDENTIFIER = "com.example.weatherappforiphone.UITests";
        PRODUCT_NAME = "$(TARGET_NAME)";
        SDKROOT = iphoneos;
        SUPPORTED_PLATFORMS = "iphoneos iphonesimulator";
        SUPPORTS_MACCATALYST = NO;
        SUPPORTS_MAC_DESIGNED_FOR_IPHONE_IPAD = NO;
        SWIFT_EMIT_LOC_STRINGS = NO;
        SWIFT_VERSION = 5.0;
        TARGETED_DEVICE_FAMILY = "1,2";
        TEST_TARGET_NAME = WeatherappforiPhone;
        VALIDATE_PRODUCT = YES;
      };
      name = Release;
    };
    /* End XCBuildConfiguration section */

    /* Begin XCConfigurationList section */
    63A80E571CF49D2B /* Build configuration list for PBXProject "WeatherappforiPhone" */ = {
      isa = XCConfigurationList;
      buildConfigurations = (
        8031EBF967A425CD /* Debug */,
        BF5CD920731EA684 /* Release */
      );
      defaultConfigurationIsVisible = 0;
      defaultConfigurationName = Release;
    };
    73EF4106285BDC9A /* Build configuration list for PBXNativeTarget "WeatherappforiPhone" */ = {
      isa = XCConfigurationList;
      buildConfigurations = (
        8031EBF967A425CD /* Debug */,
        BF5CD920731EA684 /* Release */
      );
      defaultConfigurationIsVisible = 0;
      defaultConfigurationName = Release;
    };
    372D9104568CEAFB /* Build configuration list for PBXNativeTarget "WeatherappforiPhoneTests" */ = {
      isa = XCConfigurationList;
      buildConfigurations = (
        0169A5DC274F8B3E /* Debug */,
        6F5B23D417A9E08C /* Release */
      );
      defaultConfigurationIsVisible = 0;
      defaultConfigurationName = Release;
    };
    283A67B1CE5F94D0 /* Build configuration list for PBXNativeTarget "WeatherappforiPhoneUITests" */ = {
      isa = XCConfigurationList;
      buildConfigurations = (
        07BDA1F9C28E3546 /* Debug */,
        261E39B045D7AF8C /* Release */
      );
      defaultConfigurationIsVisible = 0;
      defaultConfigurationName = Release;
    };
    /* End XCConfigurationList section */

  };
  rootObject = 801D6EC423F5B9A7 /* Project object */;
}
